
Microsoft Visual Studio Solution File, Format Version 12.00
# Visual Studio Version 16
VisualStudioVersion = 16.0.30717.126
MinimumVisualStudioVersion = 10.0.40219.1
Project("{9A19103F-16F7-4668-BE54-9A1E7A4F7556}") = "Code.API", "NetCore.API\Code.API.csproj", "{C5AF267C-2032-4412-BD65-DA8EB647FD22}"
EndProject
Project("{2150E333-8FDC-42A3-9474-1A3956D46DE8}") = "Test", "Test", "{DFE707CB-0407-4429-AA50-13B67FBF5333}"
EndProject
Project("{2150E333-8FDC-42A3-9474-1A3956D46DE8}") = "Src", "Src", "{8155B98D-AF13-4177-A030-E77F220201BC}"
EndProject
Project("{9A19103F-16F7-4668-BE54-9A1E7A4F7556}") = "Code.Database", "NetCore.Database\Code.Database.csproj", "{216EBBC4-C0C9-4AE7-8469-D3CD6FE7BA1A}"
EndProject
Project("{9A19103F-16F7-4668-BE54-9A1E7A4F7556}") = "Code.Model", "NetCore.Model\Code.Model.csproj", "{2E4F822B-BB97-4E9E-9341-BD6EE963CD1D}"
EndProject
Project("{9A19103F-16F7-4668-BE54-9A1E7A4F7556}") = "Code.Repository", "NetCore.Repository\Code.Repository.csproj", "{E0089768-8332-4D1A-9E62-0272EF6AF6F0}"
EndProject
Project("{9A19103F-16F7-4668-BE54-9A1E7A4F7556}") = "NetCoreAPI.Test", "NetCoreAPI.Test\NetCoreAPI.Test.csproj", "{F2D6B248-0E75-41A4-BA35-36DEE3A45E67}"
EndProject
Global
	GlobalSection(SolutionConfigurationPlatforms) = preSolution
		Debug|Any CPU = Debug|Any CPU
		Release|Any CPU = Release|Any CPU
	EndGlobalSection
	GlobalSection(ProjectConfigurationPlatforms) = postSolution
		{C5AF267C-2032-4412-BD65-DA8EB647FD22}.Debug|Any CPU.ActiveCfg = Debug|Any CPU
		{C5AF267C-2032-4412-BD65-DA8EB647FD22}.Debug|Any CPU.Build.0 = Debug|Any CPU
		{C5AF267C-2032-4412-BD65-DA8EB647FD22}.Release|Any CPU.ActiveCfg = Release|Any CPU
		{C5AF267C-2032-4412-BD65-DA8EB647FD22}.Release|Any CPU.Build.0 = Release|Any CPU
		{216EBBC4-C0C9-4AE7-8469-D3CD6FE7BA1A}.Debug|Any CPU.ActiveCfg = Debug|Any CPU
		{216EBBC4-C0C9-4AE7-8469-D3CD6FE7BA1A}.Debug|Any CPU.Build.0 = Debug|Any CPU
		{216EBBC4-C0C9-4AE7-8469-D3CD6FE7BA1A}.Release|Any CPU.ActiveCfg = Release|Any CPU
		{216EBBC4-C0C9-4AE7-8469-D3CD6FE7BA1A}.Release|Any CPU.Build.0 = Release|Any CPU
		{2E4F822B-BB97-4E9E-9341-BD6EE963CD1D}.Debug|Any CPU.ActiveCfg = Debug|Any CPU
		{2E4F822B-BB97-4E9E-9341-BD6EE963CD1D}.Debug|Any CPU.Build.0 = Debug|Any CPU
		{2E4F822B-BB97-4E9E-9341-BD6EE963CD1D}.Release|Any CPU.ActiveCfg = Release|Any CPU
		{2E4F822B-BB97-4E9E-9341-BD6EE963CD1D}.Release|Any CPU.Build.0 = Release|Any CPU
		{E0089768-8332-4D1A-9E62-0272EF6AF6F0}.Debug|Any CPU.ActiveCfg = Debug|Any CPU
		{E0089768-8332-4D1A-9E62-0272EF6AF6F0}.Debug|Any CPU.Build.0 = Debug|Any CPU
		{E0089768-8332-4D1A-9E62-0272EF6AF6F0}.Release|Any CPU.ActiveCfg = Release|Any CPU
		{E0089768-8332-4D1A-9E62-0272EF6AF6F0}.Release|Any CPU.Build.0 = Release|Any CPU
		{F2D6B248-0E75-41A4-BA35-36DEE3A45E67}.Debug|Any CPU.ActiveCfg = Debug|Any CPU
		{F2D6B248-0E75-41A4-BA35-36DEE3A45E67}.Debug|Any CPU.Build.0 = Debug|Any CPU
		{F2D6B248-0E75-41A4-BA35-36DEE3A45E67}.Release|Any CPU.ActiveCfg = Release|Any CPU
		{F2D6B248-0E75-41A4-BA35-36DEE3A45E67}.Release|Any CPU.Build.0 = Release|Any CPU
	EndGlobalSection
	GlobalSection(SolutionProperties) = preSolution
		HideSolutionNode = FALSE
	EndGlobalSection
	GlobalSection(NestedProjects) = preSolution
		{C5AF267C-2032-4412-BD65-DA8EB647FD22} = {8155B98D-AF13-4177-A030-E77F220201BC}
		{216EBBC4-C0C9-4AE7-8469-D3CD6FE7BA1A} = {8155B98D-AF13-4177-A030-E77F220201BC}
		{2E4F822B-BB97-4E9E-9341-BD6EE963CD1D} = {8155B98D-AF13-4177-A030-E77F220201BC}
		{E0089768-8332-4D1A-9E62-0272EF6AF6F0} = {8155B98D-AF13-4177-A030-E77F220201BC}
		{F2D6B248-0E75-41A4-BA35-36DEE3A45E67} = {DFE707CB-0407-4429-AA50-13B67FBF5333}
	EndGlobalSection
	GlobalSection(ExtensibilityGlobals) = postSolution
		SolutionGuid = {70CA58B0-B822-4BE8-8211-D82914E7E427}
	EndGlobalSection
EndGlobal
